# THIS IS AN AUTOGENERATED FILE. DO NOT EDIT THIS FILE DIRECTLY.
# yarn lockfile v1


vue-ga@^1.1.0:
  version "1.1.0"
  resolved "https://registry.yarnpkg.com/vue-ga/-/vue-ga-1.1.0.tgz#366fea37afb953b5b115e56feb1005cc6bd1e20e"
  integrity sha512-cnwIW75CwsqGZP62dFZt7e4/k9vhKsos3pJBBKkREXJ4bk2ePVgJiOeynhjvAtvyRzEmfsASfYMwzt0Dra/cng==
